
Microsoft Visual Studio Solution File, Format Version 12.00
# Visual Studio Version 17
VisualStudioVersion = 17.2.32505.173
MinimumVisualStudioVersion = 10.0.40219.1
Project("{FAE04EC0-301F-11D3-BF4B-00C04F79EFBC}") = "TastaturUndMaus", "TastaturUndMaus\TastaturUndMaus.csproj", "{B1FE8D28-FCE2-4D96-AF5C-367C93F14A94}"
EndProject
Global
	GlobalSection(SolutionConfigurationPlatforms) = preSolution
		Debug|Any CPU = Debug|Any CPU
		Release|Any CPU = Release|Any CPU
	EndGlobalSection
	GlobalSection(ProjectConfigurationPlatforms) = postSolution
		{B1FE8D28-FCE2-4D96-AF5C-367C93F14A94}.Debug|Any CPU.ActiveCfg = Debug|Any CPU
		{B1FE8D28-FCE2-4D96-AF5C-367C93F14A94}.Debug|Any CPU.Build.0 = Debug|Any CPU
		{B1FE8D28-FCE2-4D96-AF5C-367C93F14A94}.Release|Any CPU.ActiveCfg = Release|Any CPU
		{B1FE8D28-FCE2-4D96-AF5C-367C93F14A94}.Release|Any CPU.Build.0 = Release|Any CPU
	EndGlobalSection
	GlobalSection(SolutionProperties) = preSolution
		HideSolutionNode = FALSE
	EndGlobalSection
	GlobalSection(ExtensibilityGlobals) = postSolution
		SolutionGuid = {827EC8B8-0E83-4457-8E54-E624AEA9BE04}
	EndGlobalSection
EndGlobal
